
Microsoft Visual Studio Solution File, Format Version 12.00
Project("{FAE04EC0-301F-11D3-BF4B-00C04F79EFBC}") = "JitPad", "JitPad\JitPad.csproj", "{65D7B3EE-ADD4-4F76-8BA0-88AA8C440E5F}"
EndProject
Project("{FAE04EC0-301F-11D3-BF4B-00C04F79EFBC}") = "JitPad.Core", "JitPad.Core\JitPad.Core.csproj", "{EF16057D-0180-4B0A-ABB9-0D340C1B7495}"
EndProject
Project("{FAE04EC0-301F-11D3-BF4B-00C04F79EFBC}") = "JitPad.Core.Test", "JitPad.Core.Test\JitPad.Core.Test.csproj", "{9A8C0595-A1BA-45AD-B899-0BDBD4DEF62F}"
EndProject
Project("{FAE04EC0-301F-11D3-BF4B-00C04F79EFBC}") = "Biaui", "externals\Biaui\Biaui\source\Biaui\Biaui.csproj", "{2204BF7A-B487-4EBA-B6D7-51F2DEFE777C}"
EndProject
Project("{2150E333-8FDC-42A3-9474-1A3956D46DE8}") = "externals", "externals", "{68759FD1-D7D8-4D0D-B0AA-B478945F83A1}"
EndProject
Project("{FAE04EC0-301F-11D3-BF4B-00C04F79EFBC}") = "JitPad.Foundation", "JitPad.Foundation\JitPad.Foundation.csproj", "{6FA9CD20-98D4-4B54-B65D-1240C1DD7D0F}"
EndProject
Global
	GlobalSection(SolutionConfigurationPlatforms) = preSolution
		Debug|Any CPU = Debug|Any CPU
		Release|Any CPU = Release|Any CPU
	EndGlobalSection
	GlobalSection(ProjectConfigurationPlatforms) = postSolution
		{65D7B3EE-ADD4-4F76-8BA0-88AA8C440E5F}.Debug|Any CPU.ActiveCfg = Debug|Any CPU
		{65D7B3EE-ADD4-4F76-8BA0-88AA8C440E5F}.Debug|Any CPU.Build.0 = Debug|Any CPU
		{65D7B3EE-ADD4-4F76-8BA0-88AA8C440E5F}.Release|Any CPU.ActiveCfg = Release|Any CPU
		{65D7B3EE-ADD4-4F76-8BA0-88AA8C440E5F}.Release|Any CPU.Build.0 = Release|Any CPU
		{EF16057D-0180-4B0A-ABB9-0D340C1B7495}.Debug|Any CPU.ActiveCfg = Debug|Any CPU
		{EF16057D-0180-4B0A-ABB9-0D340C1B7495}.Debug|Any CPU.Build.0 = Debug|Any CPU
		{EF16057D-0180-4B0A-ABB9-0D340C1B7495}.Release|Any CPU.ActiveCfg = Release|Any CPU
		{EF16057D-0180-4B0A-ABB9-0D340C1B7495}.Release|Any CPU.Build.0 = Release|Any CPU
		{9A8C0595-A1BA-45AD-B899-0BDBD4DEF62F}.Debug|Any CPU.ActiveCfg = Debug|Any CPU
		{9A8C0595-A1BA-45AD-B899-0BDBD4DEF62F}.Debug|Any CPU.Build.0 = Debug|Any CPU
		{9A8C0595-A1BA-45AD-B899-0BDBD4DEF62F}.Release|Any CPU.ActiveCfg = Release|Any CPU
		{9A8C0595-A1BA-45AD-B899-0BDBD4DEF62F}.Release|Any CPU.Build.0 = Release|Any CPU
		{2204BF7A-B487-4EBA-B6D7-51F2DEFE777C}.Debug|Any CPU.ActiveCfg = Debug|Any CPU
		{2204BF7A-B487-4EBA-B6D7-51F2DEFE777C}.Debug|Any CPU.Build.0 = Debug|Any CPU
		{2204BF7A-B487-4EBA-B6D7-51F2DEFE777C}.Release|Any CPU.ActiveCfg = Release|Any CPU
		{2204BF7A-B487-4EBA-B6D7-51F2DEFE777C}.Release|Any CPU.Build.0 = Release|Any CPU
		{6FA9CD20-98D4-4B54-B65D-1240C1DD7D0F}.Debug|Any CPU.ActiveCfg = Debug|Any CPU
		{6FA9CD20-98D4-4B54-B65D-1240C1DD7D0F}.Debug|Any CPU.Build.0 = Debug|Any CPU
		{6FA9CD20-98D4-4B54-B65D-1240C1DD7D0F}.Release|Any CPU.ActiveCfg = Release|Any CPU
		{6FA9CD20-98D4-4B54-B65D-1240C1DD7D0F}.Release|Any CPU.Build.0 = Release|Any CPU
	EndGlobalSection
	GlobalSection(NestedProjects) = preSolution
		{2204BF7A-B487-4EBA-B6D7-51F2DEFE777C} = {68759FD1-D7D8-4D0D-B0AA-B478945F83A1}
	EndGlobalSection
EndGlobal
